// !$*UTF8*$!
{
	archiveVersion = 1;
	classes = {
	};
	objectVersion = 46;
	objects = {

/* Begin PBXBuildFile section */
		250C72061DC710AA00CA3CF9 /* AppDelegate.swift in Sources */ = {isa = PBXBuildFile; fileRef = 250C72051DC710AA00CA3CF9 /* AppDelegate.swift */; };
		250C72081DC710AA00CA3CF9 /* ViewController.swift in Sources */ = {isa = PBXBuildFile; fileRef = 250C72071DC710AA00CA3CF9 /* ViewController.swift */; };
		250C720B1DC710AA00CA3CF9 /* Main.storyboard in Resources */ = {isa = PBXBuildFile; fileRef = 250C72091DC710AA00CA3CF9 /* Main.storyboard */; };
		250C720D1DC710AA00CA3CF9 /* Assets.xcassets in Resources */ = {isa = PBXBuildFile; fileRef = 250C720C1DC710AA00CA3CF9 /* Assets.xcassets */; };
		250C72101DC710AA00CA3CF9 /* LaunchScreen.storyboard in Resources */ = {isa = PBXBuildFile; fileRef = 250C720E1DC710AA00CA3CF9 /* LaunchScreen.storyboard */; };
		250C72181DC7113A00CA3CF9 /* PieTimerView.swift in Sources */ = {isa = PBXBuildFile; fileRef = 250C72171DC7113A00CA3CF9 /* PieTimerView.swift */; };
/* End PBXBuildFile section */

/* Begin PBXFileReference section */
		250C72021DC710AA00CA3CF9 /* SnapchatCountdownTimer.app */ = {isa = PBXFileReference; explicitFileType = wrapper.application; includeInIndex = 0; path = SnapchatCountdownTimer.app; sourceTree = BUILT_PRODUCTS_DIR; };
		250C72051DC710AA00CA3CF9 /* AppDelegate.swift */ = {isa = PBXFileReference; lastKnownFileType = sourcecode.swift; path = AppDelegate.swift; sourceTree = "<group>"; };
		250C72071DC710AA00CA3CF9 /* ViewController.swift */ = {isa = PBXFileReference; lastKnownFileType = sourcecode.swift; path = ViewController.swift; sourceTree = "<group>"; };
		250C720A1DC710AA00CA3CF9 /* Base */ = {isa = PBXFileReference; lastKnownFileType = file.storyboard; name = Base; path = Base.lproj/Main.storyboard; sourceTree = "<group>"; };
		250C720C1DC710AA00CA3CF9 /* Assets.xcassets */ = {isa = PBXFileReference; lastKnownFileType = folder.assetcatalog; path = Assets.xcassets; sourceTree = "<group>"; };
		250C720F1DC710AA00CA3CF9 /* Base */ = {isa = PBXFileReference; lastKnownFileType = file.storyboard; name = Base; path = Base.lproj/LaunchScreen.storyboard; sourceTree = "<group>"; };
		250C72111DC710AA00CA3CF9 /* Info.plist */ = {isa = PBXFileReference; lastKnownFileType = text.plist.xml; path = Info.plist; sourceTree = "<group>"; };
		250C72171DC7113A00CA3CF9 /* PieTimerView.swift */ = {isa = PBXFileReference; fileEncoding = 4; lastKnownFileType = sourcecode.swift; path = PieTimerView.swift; sourceTree = "<group>"; };
/* End PBXFileReference section */

/* Begin PBXFrameworksBuildPhase section */
		250C71FF1DC710AA00CA3CF9 /* Frameworks */ = {
			isa = PBXFrameworksBuildPhase;
			buildActionMask = 2147483647;
			files = (
			);
			runOnlyForDeploymentPostprocessing = 0;
		};
/* End PBXFrameworksBuildPhase section */

/* Begin PBXGroup section */
		250C71F91DC710AA00CA3CF9 = {
			isa = PBXGroup;
			children = (
				250C72041DC710AA00CA3CF9 /* SnapchatCountdownTimer */,
				250C72031DC710AA00CA3CF9 /* Products */,
			);
			sourceTree = "<group>";
		};
		250C72031DC710AA00CA3CF9 /* Products */ = {
			isa = PBXGroup;
			children = (
				250C72021DC710AA00CA3CF9 /* SnapchatCountdownTimer.app */,
			);
			name = Products;
			sourceTree = "<group>";
		};
		250C72041DC710AA00CA3CF9 /* SnapchatCountdownTimer */ = {
			isa = PBXGroup;
			children = (
				250C72051DC710AA00CA3CF9 /* AppDelegate.swift */,
				250C72171DC7113A00CA3CF9 /* PieTimerView.swift */,
				250C72071DC710AA00CA3CF9 /* ViewController.swift */,
				250C72091DC710AA00CA3CF9 /* Main.storyboard */,
				250C720C1DC710AA00CA3CF9 /* Assets.xcassets */,
				250C720E1DC710AA00CA3CF9 /* LaunchScreen.storyboard */,
				250C72111DC710AA00CA3CF9 /* Info.plist */,
			);
			path = SnapchatCountdownTimer;
			sourceTree = "<group>";
		};
/* End PBXGroup section */

/* Begin PBXNativeTarget section */
		250C72011DC710AA00CA3CF9 /* SnapchatCountdownTimer */ = {
			isa = PBXNativeTarget;
			buildConfigurationList = 250C72141DC710AA00CA3CF9 /* Build configuration list for PBXNativeTarget "SnapchatCountdownTimer" */;
			buildPhases = (
				250C71FE1DC710AA00CA3CF9 /* Sources */,
				250C71FF1DC710AA00CA3CF9 /* Frameworks */,
				250C72001DC710AA00CA3CF9 /* Resources */,
			);
			buildRules = (
			);
			dependencies = (
			);
			name = SnapchatCountdownTimer;
			productName = SnapchatCountdownTimer;
			productReference = 250C72021DC710AA00CA3CF9 /* SnapchatCountdownTimer.app */;
			productType = "com.apple.product-type.application";
		};
/* End PBXNativeTarget section */

/* Begin PBXProject section */
		250C71FA1DC710AA00CA3CF9 /* Project object */ = {
			isa = PBXProject;
			attributes = {
				LastSwiftUpdateCheck = 0800;
				LastUpgradeCheck = 0800;
				ORGANIZATIONNAME = Virata;
				TargetAttributes = {
					250C72011DC710AA00CA3CF9 = {
						CreatedOnToolsVersion = 8.0;
						DevelopmentTeam = 5X97427M43;
						ProvisioningStyle = Automatic;
					};
				};
			};
			buildConfigurationList = 250C71FD1DC710AA00CA3CF9 /* Build configuration list for PBXProject "SnapchatCountdownTimer" */;
			compatibilityVersion = "Xcode 3.2";
			developmentRegion = English;
			hasScannedForEncodings = 0;
			knownRegions = (
				en,
				Base,
			);
			mainGroup = 250C71F91DC710AA00CA3CF9;
			productRefGroup = 250C72031DC710AA00CA3CF9 /* Products */;
			projectDirPath = "";
			projectRoot = "";
			targets = (
				250C72011DC710AA00CA3CF9 /* SnapchatCountdownTimer */,
			);
		};
/* End PBXProject section */

/* Begin PBXResourcesBuildPhase section */
		250C72001DC710AA00CA3CF9 /* Resources */ = {
			isa = PBXResourcesBuildPhase;
			buildActionMask = 2147483647;
			files = (
				250C72101DC710AA00CA3CF9 /* LaunchScreen.storyboard in Resources */,
				250C720D1DC710AA00CA3CF9 /* Assets.xcassets in Resources */,
				250C720B1DC710AA00CA3CF9 /* Main.storyboard in Resources */,
			);
			runOnlyForDeploymentPostprocessing = 0;
		};
/* End PBXResourcesBuildPhase section */

/* Begin PBXSourcesBuildPhase section */
		250C71FE1DC710AA00CA3CF9 /* Sources */ = {
			isa = PBXSourcesBuildPhase;
			buildActionMask = 2147483647;
			files = (
				250C72081DC710AA00CA3CF9 /* ViewController.swift in Sources */,
				250C72181DC7113A00CA3CF9 /* PieTimerView.swift in Sources */,
				250C72061DC710AA00CA3CF9 /* AppDelegate.swift in Sources */,
			);
			runOnlyForDeploymentPostprocessing = 0;
		};
/* End PBXSourcesBuildPhase section */

/* Begin PBXVariantGroup section */
		250C72091DC710AA00CA3CF9 /* Main.storyboard */ = {
			isa = PBXVariantGroup;
			children = (
				250C720A1DC710AA00CA3CF9 /* Base */,
			);
			name = Main.storyboard;
			sourceTree = "<group>";
		};
		250C720E1DC710AA00CA3CF9 /* LaunchScreen.storyboard */ = {
			isa = PBXVariantGroup;
			children = (
				250C720F1DC710AA00CA3CF9 /* Base */,
			);
			name = LaunchScreen.storyboard;
			sourceTree = "<group>";
		};
/* End PBXVariantGroup section */

/* Begin XCBuildConfiguration section */
		250C72121DC710AA00CA3CF9 /* Debug */ = {
			isa = XCBuildConfiguration;
			buildSettings = {
				ALWAYS_SEARCH_USER_PATHS = NO;
				CLANG_ANALYZER_NONNULL = YES;
				CLANG_CXX_LANGUAGE_STANDARD = "gnu++0x";
				CLANG_CXX_LIBRARY = "libc++";
				CLANG_ENABLE_MODULES = YES;
				CLANG_ENABLE_OBJC_ARC = YES;
				CLANG_WARN_BOOL_CONVERSION = YES;
				CLANG_WARN_CONSTANT_CONVERSION = YES;
				CLANG_WARN_DIRECT_OBJC_ISA_USAGE = YES_ERROR;
				CLANG_WARN_DOCUMENTATION_COMMENTS = YES;
				CLANG_WARN_EMPTY_BODY = YES;
				CLANG_WARN_ENUM_CONVERSION = YES;
				CLANG_WARN_INFINITE_RECURSION = YES;
				CLANG_WARN_INT_CONVERSION = YES;
				CLANG_WARN_OBJC_ROOT_CLASS = YES_ERROR;
				CLANG_WARN_SUSPICIOUS_MOVES = YES;
				CLANG_WARN_UNREACHABLE_CODE = YES;
				CLANG_WARN__DUPLICATE_METHOD_MATCH = YES;
				"CODE_SIGN_IDENTITY[sdk=iphoneos*]" = "iPhone Developer";
				COPY_PHASE_STRIP = NO;
				DEBUG_INFORMATION_FORMAT = dwarf;
				ENABLE_STRICT_OBJC_MSGSEND = YES;
				ENABLE_TESTABILITY = YES;
				GCC_C_LANGUAGE_STANDARD = gnu99;
				GCC_DYNAMIC_NO_PIC = NO;
				GCC_NO_COMMON_BLOCKS = YES;
				GCC_OPTIMIZATION_LEVEL = 0;
				GCC_PREPROCESSOR_DEFINITIONS = (
					"DEBUG=1",
					"$(inherited)",
				);
				GCC_WARN_64_TO_32_BIT_CONVERSION = YES;
				GCC_WARN_ABOUT_RETURN_TYPE = YES_ERROR;
				GCC_WARN_UNDECLARED_SELECTOR = YES;
				GCC_WARN_UNINITIALIZED_AUTOS = YES_AGGRESSIVE;
				GCC_WARN_UNUSED_FUNCTION = YES;
				GCC_WARN_UNUSED_VARIABLE = YES;
				IPHONEOS_DEPLOYMENT_TARGET = 10.0;
				MTL_ENABLE_DEBUG_INFO = YES;
				ONLY_ACTIVE_ARCH = YES;
				SDKROOT = iphoneos;
				SWIFT_ACTIVE_COMPILATION_CONDITIONS = DEBUG;
				SWIFT_OPTIMIZATION_LEVEL = "-Onone";
				TARGETED_DEVICE_FAMILY = "1,2";
			};
			name = Debug;
		};
		250C72131DC710AA00CA3CF9 /* Release */ = {
			isa = XCBuildConfiguration;
			buildSettings = {
				ALWAYS_SEARCH_USER_PATHS = NO;
				CLANG_ANALYZER_NONNULL = YES;
				CLANG_CXX_LANGUAGE_STANDARD = "gnu++0x";
				CLANG_CXX_LIBRARY = "libc++";
				CLANG_ENABLE_MODULES = YES;
				CLANG_ENABLE_OBJC_ARC = YES;
				CLANG_WARN_BOOL_CONVERSION = YES;
				CLANG_WARN_CONSTANT_CONVERSION = YES;
				CLANG_WARN_DIRECT_OBJC_ISA_USAGE = YES_ERROR;
				CLANG_WARN_DOCUMENTATION_COMMENTS = YES;
				CLANG_WARN_EMPTY_BODY = YES;
				CLANG_WARN_ENUM_CONVERSION = YES;
				CLANG_WARN_INFINITE_RECURSION = YES;
				CLANG_WARN_INT_CONVERSION = YES;
				CLANG_WARN_OBJC_ROOT_CLASS = YES_ERROR;
				CLANG_WARN_SUSPICIOUS_MOVES = YES;
				CLANG_WARN_UNREACHABLE_CODE = YES;
				CLANG_WARN__DUPLICATE_METHOD_MATCH = YES;
				"CODE_SIGN_IDENTITY[sdk=iphoneos*]" = "iPhone Developer";
				COPY_PHASE_STRIP = NO;
				DEBUG_INFORMATION_FORMAT = "dwarf-with-dsym";
				ENABLE_NS_ASSERTIONS = NO;
				ENABLE_STRICT_OBJC_MSGSEND = YES;
				GCC_C_LANGUAGE_STANDARD = gnu99;
				GCC_NO_COMMON_BLOCKS = YES;
				GCC_WARN_64_TO_32_BIT_CONVERSION = YES;
				GCC_WARN_ABOUT_RETURN_TYPE = YES_ERROR;
				GCC_WARN_UNDECLARED_SELECTOR = YES;
				GCC_WARN_UNINITIALIZED_AUTOS = YES_AGGRESSIVE;
				GCC_WARN_UNUSED_FUNCTION = YES;
				GCC_WARN_UNUSED_VARIABLE = YES;
				IPHONEOS_DEPLOYMENT_TARGET = 10.0;
				MTL_ENABLE_DEBUG_INFO = NO;
				SDKROOT = iphoneos;
				SWIFT_OPTIMIZATION_LEVEL = "-Owholemodule";
				TARGETED_DEVICE_FAMILY = "1,2";
				VALIDATE_PRODUCT = YES;
			};
			name = Release;
		};
		250C72151DC710AA00CA3CF9 /* Debug */ = {
			isa = XCBuildConfiguration;
			buildSettings = {
				ASSETCATALOG_COMPILER_APPICON_NAME = AppIcon;
				DEVELOPMENT_TEAM = 5X97427M43;
				INFOPLIST_FILE = SnapchatCountdownTimer/Info.plist;
				LD_RUNPATH_SEARCH_PATHS = "$(inherited) @executable_path/Frameworks";
				PRODUCT_BUNDLE_IDENTIFIER = com.ObjV.SnapchatCountdownTimer;
				PRODUCT_NAME = "$(TARGET_NAME)";
				SWIFT_VERSION = 3.0;
			};
			name = Debug;
		};
		250C72161DC710AA00CA3CF9 /* Release */ = {
			isa = XCBuildConfiguration;
			buildSettings = {
				ASSETCATALOG_COMPILER_APPICON_NAME = AppIcon;
				DEVELOPMENT_TEAM = 5X97427M43;
				INFOPLIST_FILE = SnapchatCountdownTimer/Info.plist;
				LD_RUNPATH_SEARCH_PATHS = "$(inherited) @executable_path/Frameworks";
				PRODUCT_BUNDLE_IDENTIFIER = com.ObjV.SnapchatCountdownTimer;
				PRODUCT_NAME = "$(TARGET_NAME)";
				SWIFT_VERSION = 3.0;
			};
			name = Release;
		};
/* End XCBuildConfiguration section */

/* Begin XCConfigurationList section */
		250C71FD1DC710AA00CA3CF9 /* Build configuration list for PBXProject "SnapchatCountdownTimer" */ = {
			isa = XCConfigurationList;
			buildConfigurations = (
				250C72121DC710AA00CA3CF9 /* Debug */,
				250C72131DC710AA00CA3CF9 /* Release */,
			);
			defaultConfigurationIsVisible = 0;
			defaultConfigurationName = Release;
		};
		250C72141DC710AA00CA3CF9 /* Build configuration list for PBXNativeTarget "SnapchatCountdownTimer" */ = {
			isa = XCConfigurationList;
			buildConfigurations = (
				250C72151DC710AA00CA3CF9 /* Debug */,
				250C72161DC710AA00CA3CF9 /* Release */,
			);
			defaultConfigurationIsVisible = 0;
		};
/* End XCConfigurationList section */
	};
	rootObject = 250C71FA1DC710AA00CA3CF9 /* Project object */;
}
